
Microsoft Visual Studio Solution File, Format Version 12.00
# Visual Studio Version 17
VisualStudioVersion = 17.0.31912.275
MinimumVisualStudioVersion = 10.0.40219.1
Project("{9A19103F-16F7-4668-BE54-9A1E7A4F7556}") = "ComponentShowCase", "ComponentShowCase\ComponentShowCase.csproj", "{348651F0-CB30-438A-90CE-D7A2FEE4734F}"
EndProject
Project("{FAE04EC0-301F-11D3-BF4B-00C04F79EFBC}") = "TestConsole", "TestConsole\TestConsole.csproj", "{08193267-44AD-43EE-AD66-0537EECA1ECF}"
EndProject
Global
	GlobalSection(SolutionConfigurationPlatforms) = preSolution
		Debug|Any CPU = Debug|Any CPU
		Release|Any CPU = Release|Any CPU
	EndGlobalSection
	GlobalSection(ProjectConfigurationPlatforms) = postSolution
		{348651F0-CB30-438A-90CE-D7A2FEE4734F}.Debug|Any CPU.ActiveCfg = Debug|Any CPU
		{348651F0-CB30-438A-90CE-D7A2FEE4734F}.Debug|Any CPU.Build.0 = Debug|Any CPU
		{348651F0-CB30-438A-90CE-D7A2FEE4734F}.Release|Any CPU.ActiveCfg = Release|Any CPU
		{348651F0-CB30-438A-90CE-D7A2FEE4734F}.Release|Any CPU.Build.0 = Release|Any CPU
		{08193267-44AD-43EE-AD66-0537EECA1ECF}.Debug|Any CPU.ActiveCfg = Debug|Any CPU
		{08193267-44AD-43EE-AD66-0537EECA1ECF}.Debug|Any CPU.Build.0 = Debug|Any CPU
		{08193267-44AD-43EE-AD66-0537EECA1ECF}.Release|Any CPU.ActiveCfg = Release|Any CPU
		{08193267-44AD-43EE-AD66-0537EECA1ECF}.Release|Any CPU.Build.0 = Release|Any CPU
	EndGlobalSection
	GlobalSection(SolutionProperties) = preSolution
		HideSolutionNode = FALSE
	EndGlobalSection
	GlobalSection(ExtensibilityGlobals) = postSolution
		SolutionGuid = {F908DD38-EF75-4487-ADAB-683D7655F1E1}
	EndGlobalSection
EndGlobal
